
Microsoft Visual Studio Solution File, Format Version 12.00
# Visual Studio Version 17
VisualStudioVersion = 17.5.33627.172
MinimumVisualStudioVersion = 10.0.40219.1
Project("{FAE04EC0-301F-11D3-BF4B-00C04F79EFBC}") = "Minimum Rooms", "Minimum Rooms\Minimum Rooms.csproj", "{2E9B64B1-0552-4ED3-9C97-BBE9BB1E4871}"
EndProject
Global
	GlobalSection(SolutionConfigurationPlatforms) = preSolution
		Debug|Any CPU = Debug|Any CPU
		Release|Any CPU = Release|Any CPU
	EndGlobalSection
	GlobalSection(ProjectConfigurationPlatforms) = postSolution
		{2E9B64B1-0552-4ED3-9C97-BBE9BB1E4871}.Debug|Any CPU.ActiveCfg = Debug|Any CPU
		{2E9B64B1-0552-4ED3-9C97-BBE9BB1E4871}.Debug|Any CPU.Build.0 = Debug|Any CPU
		{2E9B64B1-0552-4ED3-9C97-BBE9BB1E4871}.Release|Any CPU.ActiveCfg = Release|Any CPU
		{2E9B64B1-0552-4ED3-9C97-BBE9BB1E4871}.Release|Any CPU.Build.0 = Release|Any CPU
	EndGlobalSection
	GlobalSection(SolutionProperties) = preSolution
		HideSolutionNode = FALSE
	EndGlobalSection
	GlobalSection(ExtensibilityGlobals) = postSolution
		SolutionGuid = {E8238E5E-81BF-4712-A1B3-E34039613F5E}
	EndGlobalSection
EndGlobal
